{
  "name": "CollaborationEditor",
  "lockfileVersion": 3,
  "requires": true,
  "packages": {
    "": {
      "dependencies": {
        "openapi-typescript-fetch": "^2.2.1",
        "typescript": "^5.9.3"
      }
    },
    "node_modules/openapi-typescript-fetch": {
      "version": "2.2.1",
      "resolved": "https://registry.npmjs.org/openapi-typescript-fetch/-/openapi-typescript-fetch-2.2.1.tgz",
      "integrity": "sha512-aBp1cR5FTNxp4HA8bb2ST53aIqEiJgoOMyXiyzKi6YF7vogW8KkyyUQ1FeDz8D05uspxFrKvFbkVU2YiiKkULA==",
      "license": "MIT",
      "engines": {
        "node": ">= 12.0.0",
        "npm": ">= 7.0.0"
      }
    },
    "node_modules/typescript": {
      "version": "5.9.3",
      "resolved": "https://registry.npmjs.org/typescript/-/typescript-5.9.3.tgz",
      "integrity": "sha512-jl1vZzPDinLr9eUt3J/t7V6FgNEw9QjvBPdysz9KfQDD41fQrC2Y4vKQdiaUpFT4bXlb1RHhLpp8wtm6M5TgSw==",
      "license": "Apache-2.0",
      "bin": {
        "tsc": "bin/tsc",
        "tsserver": "bin/tsserver"
      },
      "engines": {
        "node": ">=14.17"
      }
    }
  }
}
